{
    "_readme": [
        "This file locks the dependencies of your project to a known state",
        "Read more about it at https://getcomposer.org/doc/01-basic-usage.md#composer-lock-the-lock-file",
        "This file is @generated automatically"
    ],
    "hash": "cc902459d15714bba6abf47faff1653c",
    "content-hash": "287678a3951e48ef57ffd14fbe3afa40",
    "packages": [
        {
            "name": "sebastian/diff",
            "version": "1.4.1",
            "source": {
                "type": "git",
                "url": "https://github.com/sebastianbergmann/diff.git",
                "reference": "13edfd8706462032c2f52b4b862974dd46b71c9e"
            },
            "dist": {
                "type": "zip",
                "url": "https://api.github.com/repos/sebastianbergmann/diff/zipball/13edfd8706462032c2f52b4b862974dd46b71c9e",
                "reference": "13edfd8706462032c2f52b4b862974dd46b71c9e",
                "shasum": ""
            },
            "require": {
                "php": ">=5.3.3"
            },
            "require-dev": {
                "phpunit/phpunit": "~4.8"
            },
            "type": "library",
            "extra": {
                "branch-alias": {
                    "dev-master": "1.4-dev"
                }
            },
            "autoload": {
                "classmap": [
                    "src/"
                ]
            },
            "notification-url": "https://packagist.org/downloads/",
            "license": [
                "BSD-3-Clause"
            ],
            "authors": [
                {
                    "name": "Kore Nordmann",
                    "email": "mail@kore-nordmann.de"
                },
                {
                    "name": "Sebastian Bergmann",
                    "email": "sebastian@phpunit.de"
                }
            ],
            "description": "Diff implementation",
            "homepage": "https://github.com/sebastianbergmann/diff",
            "keywords": [
                "diff"
            ],
            "time": "2015-12-08 07:14:41"
        }
    ],
    "packages-dev": [],
    "aliases": [],
    "minimum-stability": "stable",
    "stability-flags": [],
    "prefer-stable": false,
    "prefer-lowest": false,
    "platform": [],
    "platform-dev": []
}
